// !$*UTF8*$!
{
	archiveVersion = 1;
	classes = {
	};
	objectVersion = 77;
	objects = {

/* Begin PBXBuildFile section */
		59042A1F2F267E3800B71142 /* UIView+print.swift in Sources */ = {isa = PBXBuildFile; fileRef = 59042A1E2F267E3800B71142 /* UIView+print.swift */; };
		5923CFCD2F057092001A7BA4 /* Assets.xcassets in Resources */ = {isa = PBXBuildFile; fileRef = 5923CFBF2F057092001A7BA4 /* Assets.xcassets */; };
		5923CFCF2F057092001A7BA4 /* LaunchScreen.storyboard in Resources */ = {isa = PBXBuildFile; fileRef = 5923CFC32F057092001A7BA4 /* LaunchScreen.storyboard */; };
		5923CFD02F057092001A7BA4 /* AppDelegate.swift in Sources */ = {isa = PBXBuildFile; fileRef = 5923CFBE2F057092001A7BA4 /* AppDelegate.swift */; };
		5923CFD12F057092001A7BA4 /* CustomButton.swift in Sources */ = {isa = PBXBuildFile; fileRef = 5923CFC02F057092001A7BA4 /* CustomButton.swift */; };
		5923CFD22F057092001A7BA4 /* NestedTypes.swift in Sources */ = {isa = PBXBuildFile; fileRef = 5923CFC42F057092001A7BA4 /* NestedTypes.swift */; };
		5923CFD32F057092001A7BA4 /* SceneDelegate.swift in Sources */ = {isa = PBXBuildFile; fileRef = 5923CFC52F057092001A7BA4 /* SceneDelegate.swift */; };
		5923CFD42F057092001A7BA4 /* ShadowView.swift in Sources */ = {isa = PBXBuildFile; fileRef = 5923CFC62F057092001A7BA4 /* ShadowView.swift */; };
		5923CFD52F057092001A7BA4 /* TeaDataManager.swift in Sources */ = {isa = PBXBuildFile; fileRef = 5923CFC72F057092001A7BA4 /* TeaDataManager.swift */; };
		5923CFD62F057092001A7BA4 /* TeaManager.swift in Sources */ = {isa = PBXBuildFile; fileRef = 5923CFC82F057092001A7BA4 /* TeaManager.swift */; };
		5923CFD72F057092001A7BA4 /* UIStackView+Subviews.swift in Sources */ = {isa = PBXBuildFile; fileRef = 5923CFC92F057092001A7BA4 /* UIStackView+Subviews.swift */; };
		5923CFD82F057092001A7BA4 /* UIView+Subviews.swift in Sources */ = {isa = PBXBuildFile; fileRef = 5923CFCA2F057092001A7BA4 /* UIView+Subviews.swift */; };
		5923CFD92F057092001A7BA4 /* ViewController.swift in Sources */ = {isa = PBXBuildFile; fileRef = 5923CFCB2F057092001A7BA4 /* ViewController.swift */; };
/* End PBXBuildFile section */

/* Begin PBXFileReference section */
		59042A1E2F267E3800B71142 /* UIView+print.swift */ = {isa = PBXFileReference; lastKnownFileType = sourcecode.swift; path = "UIView+print.swift"; sourceTree = "<group>"; };
		5923CFBE2F057092001A7BA4 /* AppDelegate.swift */ = {isa = PBXFileReference; lastKnownFileType = sourcecode.swift; path = AppDelegate.swift; sourceTree = "<group>"; };
		5923CFBF2F057092001A7BA4 /* Assets.xcassets */ = {isa = PBXFileReference; lastKnownFileType = folder.assetcatalog; path = Assets.xcassets; sourceTree = "<group>"; };
		5923CFC02F057092001A7BA4 /* CustomButton.swift */ = {isa = PBXFileReference; lastKnownFileType = sourcecode.swift; path = CustomButton.swift; sourceTree = "<group>"; };
		5923CFC12F057092001A7BA4 /* Info.plist */ = {isa = PBXFileReference; lastKnownFileType = text.plist.xml; path = Info.plist; sourceTree = "<group>"; };
		5923CFC22F057092001A7BA4 /* Base */ = {isa = PBXFileReference; lastKnownFileType = file.storyboard; name = Base; path = Base.lproj/LaunchScreen.storyboard; sourceTree = "<group>"; };
		5923CFC42F057092001A7BA4 /* NestedTypes.swift */ = {isa = PBXFileReference; lastKnownFileType = sourcecode.swift; path = NestedTypes.swift; sourceTree = "<group>"; };
		5923CFC52F057092001A7BA4 /* SceneDelegate.swift */ = {isa = PBXFileReference; lastKnownFileType = sourcecode.swift; path = SceneDelegate.swift; sourceTree = "<group>"; };
		5923CFC62F057092001A7BA4 /* ShadowView.swift */ = {isa = PBXFileReference; lastKnownFileType = sourcecode.swift; path = ShadowView.swift; sourceTree = "<group>"; };
		5923CFC72F057092001A7BA4 /* TeaDataManager.swift */ = {isa = PBXFileReference; lastKnownFileType = sourcecode.swift; path = TeaDataManager.swift; sourceTree = "<group>"; };
		5923CFC82F057092001A7BA4 /* TeaManager.swift */ = {isa = PBXFileReference; lastKnownFileType = sourcecode.swift; path = TeaManager.swift; sourceTree = "<group>"; };
		5923CFC92F057092001A7BA4 /* UIStackView+Subviews.swift */ = {isa = PBXFileReference; lastKnownFileType = sourcecode.swift; path = "UIStackView+Subviews.swift"; sourceTree = "<group>"; };
		5923CFCA2F057092001A7BA4 /* UIView+Subviews.swift */ = {isa = PBXFileReference; lastKnownFileType = sourcecode.swift; path = "UIView+Subviews.swift"; sourceTree = "<group>"; };
		5923CFCB2F057092001A7BA4 /* ViewController.swift */ = {isa = PBXFileReference; lastKnownFileType = sourcecode.swift; path = ViewController.swift; sourceTree = "<group>"; };
		592E8A802EF6EEB000ED8454 /* Exam21Lesson.app */ = {isa = PBXFileReference; explicitFileType = wrapper.application; includeInIndex = 0; path = Exam21Lesson.app; sourceTree = BUILT_PRODUCTS_DIR; };
/* End PBXFileReference section */

/* Begin PBXFrameworksBuildPhase section */
		592E8A7D2EF6EEB000ED8454 /* Frameworks */ = {
			isa = PBXFrameworksBuildPhase;
			buildActionMask = 2147483647;
			files = (
			);
			runOnlyForDeploymentPostprocessing = 0;
		};
/* End PBXFrameworksBuildPhase section */

/* Begin PBXGroup section */
		5923CFCC2F057092001A7BA4 /* Exam21Lesson */ = {
			isa = PBXGroup;
			children = (
				5923CFDE2F057163001A7BA4 /* Resources */,
				5923CFDC2F0570DE001A7BA4 /* Services */,
				5923CFDB2F0570C2001A7BA4 /* Extensions */,
				5923CFDD2F0570FB001A7BA4 /* CustomElements */,
				5923CFDA2F0570A0001A7BA4 /* ViewControllers */,
				5923CFBE2F057092001A7BA4 /* AppDelegate.swift */,
				5923CFC52F057092001A7BA4 /* SceneDelegate.swift */,
			);
			path = Exam21Lesson;
			sourceTree = "<group>";
		};
		5923CFDA2F0570A0001A7BA4 /* ViewControllers */ = {
			isa = PBXGroup;
			children = (
				5923CFCB2F057092001A7BA4 /* ViewController.swift */,
			);
			path = ViewControllers;
			sourceTree = "<group>";
		};
		5923CFDB2F0570C2001A7BA4 /* Extensions */ = {
			isa = PBXGroup;
			children = (
				5923CFC92F057092001A7BA4 /* UIStackView+Subviews.swift */,
				5923CFCA2F057092001A7BA4 /* UIView+Subviews.swift */,
				59042A1E2F267E3800B71142 /* UIView+print.swift */,
			);
			path = Extensions;
			sourceTree = "<group>";
		};
		5923CFDC2F0570DE001A7BA4 /* Services */ = {
			isa = PBXGroup;
			children = (
				5923CFC72F057092001A7BA4 /* TeaDataManager.swift */,
				5923CFC82F057092001A7BA4 /* TeaManager.swift */,
				5923CFC42F057092001A7BA4 /* NestedTypes.swift */,
			);
			path = Services;
			sourceTree = "<group>";
		};
		5923CFDD2F0570FB001A7BA4 /* CustomElements */ = {
			isa = PBXGroup;
			children = (
				5923CFC62F057092001A7BA4 /* ShadowView.swift */,
				5923CFC02F057092001A7BA4 /* CustomButton.swift */,
			);
			path = CustomElements;
			sourceTree = "<group>";
		};
		5923CFDE2F057163001A7BA4 /* Resources */ = {
			isa = PBXGroup;
			children = (
				5923CFBF2F057092001A7BA4 /* Assets.xcassets */,
				5923CFC12F057092001A7BA4 /* Info.plist */,
				5923CFC32F057092001A7BA4 /* LaunchScreen.storyboard */,
			);
			path = Resources;
			sourceTree = "<group>";
		};
		592E8A772EF6EEB000ED8454 = {
			isa = PBXGroup;
			children = (
				5923CFCC2F057092001A7BA4 /* Exam21Lesson */,
				592E8A812EF6EEB000ED8454 /* Products */,
			);
			sourceTree = "<group>";
		};
		592E8A812EF6EEB000ED8454 /* Products */ = {
			isa = PBXGroup;
			children = (
				592E8A802EF6EEB000ED8454 /* Exam21Lesson.app */,
			);
			name = Products;
			sourceTree = "<group>";
		};
/* End PBXGroup section */

/* Begin PBXNativeTarget section */
		592E8A7F2EF6EEB000ED8454 /* Exam21Lesson */ = {
			isa = PBXNativeTarget;
			buildConfigurationList = 592E8A932EF6EEB100ED8454 /* Build configuration list for PBXNativeTarget "Exam21Lesson" */;
			buildPhases = (
				592E8A7C2EF6EEB000ED8454 /* Sources */,
				592E8A7D2EF6EEB000ED8454 /* Frameworks */,
				592E8A7E2EF6EEB000ED8454 /* Resources */,
			);
			buildRules = (
			);
			dependencies = (
			);
			name = Exam21Lesson;
			packageProductDependencies = (
			);
			productName = Exam21Lesson;
			productReference = 592E8A802EF6EEB000ED8454 /* Exam21Lesson.app */;
			productType = "com.apple.product-type.application";
		};
/* End PBXNativeTarget section */

/* Begin PBXProject section */
		592E8A782EF6EEB000ED8454 /* Project object */ = {
			isa = PBXProject;
			attributes = {
				BuildIndependentTargetsInParallel = 1;
				LastSwiftUpdateCheck = 1640;
				LastUpgradeCheck = 1640;
				TargetAttributes = {
					592E8A7F2EF6EEB000ED8454 = {
						CreatedOnToolsVersion = 16.4;
					};
				};
			};
			buildConfigurationList = 592E8A7B2EF6EEB000ED8454 /* Build configuration list for PBXProject "Exam21Lesson" */;
			developmentRegion = en;
			hasScannedForEncodings = 0;
			knownRegions = (
				en,
				Base,
			);
			mainGroup = 592E8A772EF6EEB000ED8454;
			minimizedProjectReferenceProxies = 1;
			preferredProjectObjectVersion = 77;
			productRefGroup = 592E8A812EF6EEB000ED8454 /* Products */;
			projectDirPath = "";
			projectRoot = "";
			targets = (
				592E8A7F2EF6EEB000ED8454 /* Exam21Lesson */,
			);
		};
/* End PBXProject section */

/* Begin PBXResourcesBuildPhase section */
		592E8A7E2EF6EEB000ED8454 /* Resources */ = {
			isa = PBXResourcesBuildPhase;
			buildActionMask = 2147483647;
			files = (
				5923CFCD2F057092001A7BA4 /* Assets.xcassets in Resources */,
				5923CFCF2F057092001A7BA4 /* LaunchScreen.storyboard in Resources */,
			);
			runOnlyForDeploymentPostprocessing = 0;
		};
/* End PBXResourcesBuildPhase section */

/* Begin PBXSourcesBuildPhase section */
		592E8A7C2EF6EEB000ED8454 /* Sources */ = {
			isa = PBXSourcesBuildPhase;
			buildActionMask = 2147483647;
			files = (
				5923CFD02F057092001A7BA4 /* AppDelegate.swift in Sources */,
				5923CFD12F057092001A7BA4 /* CustomButton.swift in Sources */,
				5923CFD22F057092001A7BA4 /* NestedTypes.swift in Sources */,
				59042A1F2F267E3800B71142 /* UIView+print.swift in Sources */,
				5923CFD32F057092001A7BA4 /* SceneDelegate.swift in Sources */,
				5923CFD42F057092001A7BA4 /* ShadowView.swift in Sources */,
				5923CFD52F057092001A7BA4 /* TeaDataManager.swift in Sources */,
				5923CFD62F057092001A7BA4 /* TeaManager.swift in Sources */,
				5923CFD72F057092001A7BA4 /* UIStackView+Subviews.swift in Sources */,
				5923CFD82F057092001A7BA4 /* UIView+Subviews.swift in Sources */,
				5923CFD92F057092001A7BA4 /* ViewController.swift in Sources */,
			);
			runOnlyForDeploymentPostprocessing = 0;
		};
/* End PBXSourcesBuildPhase section */

/* Begin PBXVariantGroup section */
		5923CFC32F057092001A7BA4 /* LaunchScreen.storyboard */ = {
			isa = PBXVariantGroup;
			children = (
				5923CFC22F057092001A7BA4 /* Base */,
			);
			name = LaunchScreen.storyboard;
			sourceTree = "<group>";
		};
/* End PBXVariantGroup section */

/* Begin XCBuildConfiguration section */
		592E8A942EF6EEB100ED8454 /* Debug */ = {
			isa = XCBuildConfiguration;
			buildSettings = {
				ASSETCATALOG_COMPILER_APPICON_NAME = AppIcon;
				ASSETCATALOG_COMPILER_GLOBAL_ACCENT_COLOR_NAME = AccentColor;
				CODE_SIGN_STYLE = Automatic;
				CURRENT_PROJECT_VERSION = 1;
				DEVELOPMENT_TEAM = S933W8QMA7;
				GENERATE_INFOPLIST_FILE = YES;
				INFOPLIST_FILE = Exam21Lesson/Resources/Info.plist;
				INFOPLIST_KEY_CFBundleDisplayName = Kettle;
				INFOPLIST_KEY_UIApplicationSupportsIndirectInputEvents = YES;
				INFOPLIST_KEY_UILaunchStoryboardName = LaunchScreen;
				INFOPLIST_KEY_UISupportedInterfaceOrientations_iPad = "UIInterfaceOrientationPortrait UIInterfaceOrientationPortraitUpsideDown UIInterfaceOrientationLandscapeLeft UIInterfaceOrientationLandscapeRight";
				INFOPLIST_KEY_UISupportedInterfaceOrientations_iPhone = "UIInterfaceOrientationPortrait UIInterfaceOrientationLandscapeLeft UIInterfaceOrientationLandscapeRight";
				LD_RUNPATH_SEARCH_PATHS = (
					"$(inherited)",
					"@executable_path/Frameworks",
				);
				MARKETING_VERSION = 1.0;
				PRODUCT_BUNDLE_IDENTIFIER = bb.Kettle;
				PRODUCT_NAME = "$(TARGET_NAME)";
				SUPPORTED_PLATFORMS = "iphoneos iphonesimulator";
				SUPPORTS_MACCATALYST = NO;
				SUPPORTS_MAC_DESIGNED_FOR_IPHONE_IPAD = NO;
				SUPPORTS_XR_DESIGNED_FOR_IPHONE_IPAD = NO;
				SWIFT_EMIT_LOC_STRINGS = YES;
				SWIFT_VERSION = 5.0;
				TARGETED_DEVICE_FAMILY = 1;
			};
			name = Debug;
		};
		592E8A952EF6EEB100ED8454 /* Release */ = {
			isa = XCBuildConfiguration;
			buildSettings = {
				ASSETCATALOG_COMPILER_APPICON_NAME = AppIcon;
				ASSETCATALOG_COMPILER_GLOBAL_ACCENT_COLOR_NAME = AccentColor;
				CODE_SIGN_STYLE = Automatic;
				CURRENT_PROJECT_VERSION = 1;
				DEVELOPMENT_TEAM = S933W8QMA7;
				GENERATE_INFOPLIST_FILE = YES;
				INFOPLIST_FILE = Exam21Lesson/Resources/Info.plist;
				INFOPLIST_KEY_CFBundleDisplayName = Kettle;
				INFOPLIST_KEY_UIApplicationSupportsIndirectInputEvents = YES;
				INFOPLIST_KEY_UILaunchStoryboardName = LaunchScreen;
				INFOPLIST_KEY_UISupportedInterfaceOrientations_iPad = "UIInterfaceOrientationPortrait UIInterfaceOrientationPortraitUpsideDown UIInterfaceOrientationLandscapeLeft UIInterfaceOrientationLandscapeRight";
				INFOPLIST_KEY_UISupportedInterfaceOrientations_iPhone = "UIInterfaceOrientationPortrait UIInterfaceOrientationLandscapeLeft UIInterfaceOrientationLandscapeRight";
				LD_RUNPATH_SEARCH_PATHS = (
					"$(inherited)",
					"@executable_path/Frameworks",
				);
				MARKETING_VERSION = 1.0;
				PRODUCT_BUNDLE_IDENTIFIER = bb.Kettle;
				PRODUCT_NAME = "$(TARGET_NAME)";
				SUPPORTED_PLATFORMS = "iphoneos iphonesimulator";
				SUPPORTS_MACCATALYST = NO;
				SUPPORTS_MAC_DESIGNED_FOR_IPHONE_IPAD = NO;
				SUPPORTS_XR_DESIGNED_FOR_IPHONE_IPAD = NO;
				SWIFT_EMIT_LOC_STRINGS = YES;
				SWIFT_VERSION = 5.0;
				TARGETED_DEVICE_FAMILY = 1;
			};
			name = Release;
		};
		592E8A962EF6EEB100ED8454 /* Debug */ = {
			isa = XCBuildConfiguration;
			buildSettings = {
				ALWAYS_SEARCH_USER_PATHS = NO;
				ASSETCATALOG_COMPILER_GENERATE_SWIFT_ASSET_SYMBOL_EXTENSIONS = YES;
				CLANG_ANALYZER_NONNULL = YES;
				CLANG_ANALYZER_NUMBER_OBJECT_CONVERSION = YES_AGGRESSIVE;
				CLANG_CXX_LANGUAGE_STANDARD = "gnu++20";
				CLANG_ENABLE_MODULES = YES;
				CLANG_ENABLE_OBJC_ARC = YES;
				CLANG_ENABLE_OBJC_WEAK = YES;
				CLANG_WARN_BLOCK_CAPTURE_AUTORELEASING = YES;
				CLANG_WARN_BOOL_CONVERSION = YES;
				CLANG_WARN_COMMA = YES;
				CLANG_WARN_CONSTANT_CONVERSION = YES;
				CLANG_WARN_DEPRECATED_OBJC_IMPLEMENTATIONS = YES;
				CLANG_WARN_DIRECT_OBJC_ISA_USAGE = YES_ERROR;
				CLANG_WARN_DOCUMENTATION_COMMENTS = YES;
				CLANG_WARN_EMPTY_BODY = YES;
				CLANG_WARN_ENUM_CONVERSION = YES;
				CLANG_WARN_INFINITE_RECURSION = YES;
				CLANG_WARN_INT_CONVERSION = YES;
				CLANG_WARN_NON_LITERAL_NULL_CONVERSION = YES;
				CLANG_WARN_OBJC_IMPLICIT_RETAIN_SELF = YES;
				CLANG_WARN_OBJC_LITERAL_CONVERSION = YES;
				CLANG_WARN_OBJC_ROOT_CLASS = YES_ERROR;
				CLANG_WARN_QUOTED_INCLUDE_IN_FRAMEWORK_HEADER = YES;
				CLANG_WARN_RANGE_LOOP_ANALYSIS = YES;
				CLANG_WARN_STRICT_PROTOTYPES = YES;
				CLANG_WARN_SUSPICIOUS_MOVE = YES;
				CLANG_WARN_UNGUARDED_AVAILABILITY = YES_AGGRESSIVE;
				CLANG_WARN_UNREACHABLE_CODE = YES;
				CLANG_WARN__DUPLICATE_METHOD_MATCH = YES;
				COPY_PHASE_STRIP = NO;
				DEBUG_INFORMATION_FORMAT = dwarf;
				ENABLE_STRICT_OBJC_MSGSEND = YES;
				ENABLE_TESTABILITY = YES;
				ENABLE_USER_SCRIPT_SANDBOXING = YES;
				GCC_C_LANGUAGE_STANDARD = gnu17;
				GCC_DYNAMIC_NO_PIC = NO;
				GCC_NO_COMMON_BLOCKS = YES;
				GCC_OPTIMIZATION_LEVEL = 0;
				GCC_PREPROCESSOR_DEFINITIONS = (
					"DEBUG=1",
					"$(inherited)",
				);
				GCC_WARN_64_TO_32_BIT_CONVERSION = YES;
				GCC_WARN_ABOUT_RETURN_TYPE = YES_ERROR;
				GCC_WARN_UNDECLARED_SELECTOR = YES;
				GCC_WARN_UNINITIALIZED_AUTOS = YES_AGGRESSIVE;
				GCC_WARN_UNUSED_FUNCTION = YES;
				GCC_WARN_UNUSED_VARIABLE = YES;
				IPHONEOS_DEPLOYMENT_TARGET = 18.5;
				LOCALIZATION_PREFERS_STRING_CATALOGS = YES;
				MTL_ENABLE_DEBUG_INFO = INCLUDE_SOURCE;
				MTL_FAST_MATH = YES;
				ONLY_ACTIVE_ARCH = YES;
				SDKROOT = iphoneos;
				SWIFT_ACTIVE_COMPILATION_CONDITIONS = "DEBUG $(inherited)";
				SWIFT_OPTIMIZATION_LEVEL = "-Onone";
			};
			name = Debug;
		};
		592E8A972EF6EEB100ED8454 /* Release */ = {
			isa = XCBuildConfiguration;
			buildSettings = {
				ALWAYS_SEARCH_USER_PATHS = NO;
				ASSETCATALOG_COMPILER_GENERATE_SWIFT_ASSET_SYMBOL_EXTENSIONS = YES;
				CLANG_ANALYZER_NONNULL = YES;
				CLANG_ANALYZER_NUMBER_OBJECT_CONVERSION = YES_AGGRESSIVE;
				CLANG_CXX_LANGUAGE_STANDARD = "gnu++20";
				CLANG_ENABLE_MODULES = YES;
				CLANG_ENABLE_OBJC_ARC = YES;
				CLANG_ENABLE_OBJC_WEAK = YES;
				CLANG_WARN_BLOCK_CAPTURE_AUTORELEASING = YES;
				CLANG_WARN_BOOL_CONVERSION = YES;
				CLANG_WARN_COMMA = YES;
				CLANG_WARN_CONSTANT_CONVERSION = YES;
				CLANG_WARN_DEPRECATED_OBJC_IMPLEMENTATIONS = YES;
				CLANG_WARN_DIRECT_OBJC_ISA_USAGE = YES_ERROR;
				CLANG_WARN_DOCUMENTATION_COMMENTS = YES;
				CLANG_WARN_EMPTY_BODY = YES;
				CLANG_WARN_ENUM_CONVERSION = YES;
				CLANG_WARN_INFINITE_RECURSION = YES;
				CLANG_WARN_INT_CONVERSION = YES;
				CLANG_WARN_NON_LITERAL_NULL_CONVERSION = YES;
				CLANG_WARN_OBJC_IMPLICIT_RETAIN_SELF = YES;
				CLANG_WARN_OBJC_LITERAL_CONVERSION = YES;
				CLANG_WARN_OBJC_ROOT_CLASS = YES_ERROR;
				CLANG_WARN_QUOTED_INCLUDE_IN_FRAMEWORK_HEADER = YES;
				CLANG_WARN_RANGE_LOOP_ANALYSIS = YES;
				CLANG_WARN_STRICT_PROTOTYPES = YES;
				CLANG_WARN_SUSPICIOUS_MOVE = YES;
				CLANG_WARN_UNGUARDED_AVAILABILITY = YES_AGGRESSIVE;
				CLANG_WARN_UNREACHABLE_CODE = YES;
				CLANG_WARN__DUPLICATE_METHOD_MATCH = YES;
				COPY_PHASE_STRIP = NO;
				DEBUG_INFORMATION_FORMAT = "dwarf-with-dsym";
				ENABLE_NS_ASSERTIONS = NO;
				ENABLE_STRICT_OBJC_MSGSEND = YES;
				ENABLE_USER_SCRIPT_SANDBOXING = YES;
				GCC_C_LANGUAGE_STANDARD = gnu17;
				GCC_NO_COMMON_BLOCKS = YES;
				GCC_WARN_64_TO_32_BIT_CONVERSION = YES;
				GCC_WARN_ABOUT_RETURN_TYPE = YES_ERROR;
				GCC_WARN_UNDECLARED_SELECTOR = YES;
				GCC_WARN_UNINITIALIZED_AUTOS = YES_AGGRESSIVE;
				GCC_WARN_UNUSED_FUNCTION = YES;
				GCC_WARN_UNUSED_VARIABLE = YES;
				IPHONEOS_DEPLOYMENT_TARGET = 18.5;
				LOCALIZATION_PREFERS_STRING_CATALOGS = YES;
				MTL_ENABLE_DEBUG_INFO = NO;
				MTL_FAST_MATH = YES;
				SDKROOT = iphoneos;
				SWIFT_COMPILATION_MODE = wholemodule;
				VALIDATE_PRODUCT = YES;
			};
			name = Release;
		};
/* End XCBuildConfiguration section */

/* Begin XCConfigurationList section */
		592E8A7B2EF6EEB000ED8454 /* Build configuration list for PBXProject "Exam21Lesson" */ = {
			isa = XCConfigurationList;
			buildConfigurations = (
				592E8A962EF6EEB100ED8454 /* Debug */,
				592E8A972EF6EEB100ED8454 /* Release */,
			);
			defaultConfigurationIsVisible = 0;
			defaultConfigurationName = Release;
		};
		592E8A932EF6EEB100ED8454 /* Build configuration list for PBXNativeTarget "Exam21Lesson" */ = {
			isa = XCConfigurationList;
			buildConfigurations = (
				592E8A942EF6EEB100ED8454 /* Debug */,
				592E8A952EF6EEB100ED8454 /* Release */,
			);
			defaultConfigurationIsVisible = 0;
			defaultConfigurationName = Release;
		};
/* End XCConfigurationList section */
	};
	rootObject = 592E8A782EF6EEB000ED8454 /* Project object */;
}
